
Microsoft Visual Studio Solution File, Format Version 12.00
# Visual Studio Version 16
VisualStudioVersion = 16.0.31624.102
MinimumVisualStudioVersion = 10.0.40219.1
Project("{FAE04EC0-301F-11D3-BF4B-00C04F79EFBC}") = "Analiz_na_danni", "Analiz_na_danni.csproj", "{B0D1D68D-16E9-46B9-B601-38052837CEEE}"
EndProject
Global
	GlobalSection(SolutionConfigurationPlatforms) = preSolution
		Debug|Any CPU = Debug|Any CPU
		Release|Any CPU = Release|Any CPU
	EndGlobalSection
	GlobalSection(ProjectConfigurationPlatforms) = postSolution
		{B0D1D68D-16E9-46B9-B601-38052837CEEE}.Debug|Any CPU.ActiveCfg = Debug|Any CPU
		{B0D1D68D-16E9-46B9-B601-38052837CEEE}.Debug|Any CPU.Build.0 = Debug|Any CPU
		{B0D1D68D-16E9-46B9-B601-38052837CEEE}.Release|Any CPU.ActiveCfg = Release|Any CPU
		{B0D1D68D-16E9-46B9-B601-38052837CEEE}.Release|Any CPU.Build.0 = Release|Any CPU
	EndGlobalSection
	GlobalSection(SolutionProperties) = preSolution
		HideSolutionNode = FALSE
	EndGlobalSection
	GlobalSection(ExtensibilityGlobals) = postSolution
		SolutionGuid = {8DEE16C1-A9ED-4E1B-A2F5-06C8AAE17BFB}
	EndGlobalSection
EndGlobal
