
Microsoft Visual Studio Solution File, Format Version 12.00
# Visual Studio Version 16
VisualStudioVersion = 16.0.31624.102
MinimumVisualStudioVersion = 10.0.40219.1
Project("{FAE04EC0-301F-11D3-BF4B-00C04F79EFBC}") = "Честота", "Честота.csproj", "{1EA5B3F8-8813-4E5F-8E0D-8FC8989E5626}"
EndProject
Global
	GlobalSection(SolutionConfigurationPlatforms) = preSolution
		Debug|Any CPU = Debug|Any CPU
		Release|Any CPU = Release|Any CPU
	EndGlobalSection
	GlobalSection(ProjectConfigurationPlatforms) = postSolution
		{1EA5B3F8-8813-4E5F-8E0D-8FC8989E5626}.Debug|Any CPU.ActiveCfg = Debug|Any CPU
		{1EA5B3F8-8813-4E5F-8E0D-8FC8989E5626}.Debug|Any CPU.Build.0 = Debug|Any CPU
		{1EA5B3F8-8813-4E5F-8E0D-8FC8989E5626}.Release|Any CPU.ActiveCfg = Release|Any CPU
		{1EA5B3F8-8813-4E5F-8E0D-8FC8989E5626}.Release|Any CPU.Build.0 = Release|Any CPU
	EndGlobalSection
	GlobalSection(SolutionProperties) = preSolution
		HideSolutionNode = FALSE
	EndGlobalSection
	GlobalSection(ExtensibilityGlobals) = postSolution
		SolutionGuid = {64528618-334D-490B-8E79-1A1CD6703F57}
	EndGlobalSection
EndGlobal
