
Microsoft Visual Studio Solution File, Format Version 12.00
# Visual Studio Version 16
VisualStudioVersion = 16.0.31624.102
MinimumVisualStudioVersion = 10.0.40219.1
Project("{FAE04EC0-301F-11D3-BF4B-00C04F79EFBC}") = "test_reklama", "test_reklama.csproj", "{2A0BC112-B706-47C4-8037-2A63808CC732}"
EndProject
Global
	GlobalSection(SolutionConfigurationPlatforms) = preSolution
		Debug|Any CPU = Debug|Any CPU
		Release|Any CPU = Release|Any CPU
	EndGlobalSection
	GlobalSection(ProjectConfigurationPlatforms) = postSolution
		{2A0BC112-B706-47C4-8037-2A63808CC732}.Debug|Any CPU.ActiveCfg = Debug|Any CPU
		{2A0BC112-B706-47C4-8037-2A63808CC732}.Debug|Any CPU.Build.0 = Debug|Any CPU
		{2A0BC112-B706-47C4-8037-2A63808CC732}.Release|Any CPU.ActiveCfg = Release|Any CPU
		{2A0BC112-B706-47C4-8037-2A63808CC732}.Release|Any CPU.Build.0 = Release|Any CPU
	EndGlobalSection
	GlobalSection(SolutionProperties) = preSolution
		HideSolutionNode = FALSE
	EndGlobalSection
	GlobalSection(ExtensibilityGlobals) = postSolution
		SolutionGuid = {4F850874-5FA6-46F9-81FF-D257170E2381}
	EndGlobalSection
EndGlobal
